
Microsoft Visual Studio Solution File, Format Version 12.00
# Visual Studio Version 16
VisualStudioVersion = 16.0.29411.108
MinimumVisualStudioVersion = 10.0.40219.1
Project("{FAE04EC0-301F-11D3-BF4B-00C04F79EFBC}") = "Shared", "Shared\Shared.csproj", "{AF2FE8E7-973F-484A-B5F9-93731C605308}"
EndProject
Project("{FAE04EC0-301F-11D3-BF4B-00C04F79EFBC}") = "Core", "Core\Core.csproj", "{65449E55-4FEC-466A-BCEC-43AE5680555E}"
EndProject
Project("{FAE04EC0-301F-11D3-BF4B-00C04F79EFBC}") = "Framework", "Framework\Framework.csproj", "{07B2223E-A961-4827-8F7E-4E31481BFE76}"
EndProject
Global
	GlobalSection(SolutionConfigurationPlatforms) = preSolution
		Debug|Any CPU = Debug|Any CPU
		Release|Any CPU = Release|Any CPU
	EndGlobalSection
	GlobalSection(ProjectConfigurationPlatforms) = postSolution
		{AF2FE8E7-973F-484A-B5F9-93731C605308}.Debug|Any CPU.ActiveCfg = Debug|Any CPU
		{AF2FE8E7-973F-484A-B5F9-93731C605308}.Debug|Any CPU.Build.0 = Debug|Any CPU
		{AF2FE8E7-973F-484A-B5F9-93731C605308}.Release|Any CPU.ActiveCfg = Release|Any CPU
		{AF2FE8E7-973F-484A-B5F9-93731C605308}.Release|Any CPU.Build.0 = Release|Any CPU
		{65449E55-4FEC-466A-BCEC-43AE5680555E}.Debug|Any CPU.ActiveCfg = Debug|Any CPU
		{65449E55-4FEC-466A-BCEC-43AE5680555E}.Debug|Any CPU.Build.0 = Debug|Any CPU
		{65449E55-4FEC-466A-BCEC-43AE5680555E}.Release|Any CPU.ActiveCfg = Release|Any CPU
		{65449E55-4FEC-466A-BCEC-43AE5680555E}.Release|Any CPU.Build.0 = Release|Any CPU
		{07B2223E-A961-4827-8F7E-4E31481BFE76}.Debug|Any CPU.ActiveCfg = Debug|Any CPU
		{07B2223E-A961-4827-8F7E-4E31481BFE76}.Debug|Any CPU.Build.0 = Debug|Any CPU
		{07B2223E-A961-4827-8F7E-4E31481BFE76}.Release|Any CPU.ActiveCfg = Release|Any CPU
		{07B2223E-A961-4827-8F7E-4E31481BFE76}.Release|Any CPU.Build.0 = Release|Any CPU
	EndGlobalSection
	GlobalSection(SolutionProperties) = preSolution
		HideSolutionNode = FALSE
	EndGlobalSection
	GlobalSection(ExtensibilityGlobals) = postSolution
		SolutionGuid = {97ED8D8B-EB3D-4D0C-B3A9-383DBF008DD4}
	EndGlobalSection
EndGlobal
